
Microsoft Visual Studio Solution File, Format Version 12.00
# Visual Studio Version 16
VisualStudioVersion = 16.0.31515.178
MinimumVisualStudioVersion = 10.0.40219.1
Project("{FAE04EC0-301F-11D3-BF4B-00C04F79EFBC}") = "api", "api\api.csproj", "{1E424674-27DD-4494-B591-C395BA2D2B22}"
EndProject
Global
	GlobalSection(SolutionConfigurationPlatforms) = preSolution
		Debug|Any CPU = Debug|Any CPU
		Release|Any CPU = Release|Any CPU
	EndGlobalSection
	GlobalSection(ProjectConfigurationPlatforms) = postSolution
		{1E424674-27DD-4494-B591-C395BA2D2B22}.Debug|Any CPU.ActiveCfg = Debug|Any CPU
		{1E424674-27DD-4494-B591-C395BA2D2B22}.Debug|Any CPU.Build.0 = Debug|Any CPU
		{1E424674-27DD-4494-B591-C395BA2D2B22}.Release|Any CPU.ActiveCfg = Release|Any CPU
		{1E424674-27DD-4494-B591-C395BA2D2B22}.Release|Any CPU.Build.0 = Release|Any CPU
	EndGlobalSection
	GlobalSection(SolutionProperties) = preSolution
		HideSolutionNode = FALSE
	EndGlobalSection
	GlobalSection(ExtensibilityGlobals) = postSolution
		SolutionGuid = {7A121993-0ED2-495E-A495-D5382E99EA3A}
	EndGlobalSection
EndGlobal
