
Microsoft Visual Studio Solution File, Format Version 12.00
# Visual Studio Version 16
VisualStudioVersion = 16.0.31515.178
MinimumVisualStudioVersion = 10.0.40219.1
Project("{FAE04EC0-301F-11D3-BF4B-00C04F79EFBC}") = "api", "api\api.csproj", "{914FA281-67E3-4449-B731-44F8EC7655BC}"
EndProject
Global
	GlobalSection(SolutionConfigurationPlatforms) = preSolution
		Debug|Any CPU = Debug|Any CPU
		Release|Any CPU = Release|Any CPU
	EndGlobalSection
	GlobalSection(ProjectConfigurationPlatforms) = postSolution
		{914FA281-67E3-4449-B731-44F8EC7655BC}.Debug|Any CPU.ActiveCfg = Debug|Any CPU
		{914FA281-67E3-4449-B731-44F8EC7655BC}.Debug|Any CPU.Build.0 = Debug|Any CPU
		{914FA281-67E3-4449-B731-44F8EC7655BC}.Release|Any CPU.ActiveCfg = Release|Any CPU
		{914FA281-67E3-4449-B731-44F8EC7655BC}.Release|Any CPU.Build.0 = Release|Any CPU
	EndGlobalSection
	GlobalSection(SolutionProperties) = preSolution
		HideSolutionNode = FALSE
	EndGlobalSection
	GlobalSection(ExtensibilityGlobals) = postSolution
		SolutionGuid = {C65DFA49-A0AD-4B20-B48A-850A7A310116}
	EndGlobalSection
EndGlobal
